
Microsoft Visual Studio Solution File, Format Version 12.00
# Visual Studio Version 17
VisualStudioVersion = 17.9.34616.47
MinimumVisualStudioVersion = 10.0.40219.1
Project("{9A19103F-16F7-4668-BE54-9A1E7A4F7556}") = "EventLogger", "EventLogger\EventLogger.csproj", "{FF2B1814-2E4C-48B8-93F5-57D2CAC9F8FF}"
EndProject
Project("{9A19103F-16F7-4668-BE54-9A1E7A4F7556}") = "EventLoggerTest", "EventLoggerTest\EventLoggerTest.csproj", "{9F1B0674-E2AB-40D2-94D6-A277C9496037}"
	ProjectSection(ProjectDependencies) = postProject
		{FF2B1814-2E4C-48B8-93F5-57D2CAC9F8FF} = {FF2B1814-2E4C-48B8-93F5-57D2CAC9F8FF}
	EndProjectSection
EndProject
Global
	GlobalSection(SolutionConfigurationPlatforms) = preSolution
		Debug|Any CPU = Debug|Any CPU
		Release|Any CPU = Release|Any CPU
	EndGlobalSection
	GlobalSection(ProjectConfigurationPlatforms) = postSolution
		{FF2B1814-2E4C-48B8-93F5-57D2CAC9F8FF}.Debug|Any CPU.ActiveCfg = Debug|Any CPU
		{FF2B1814-2E4C-48B8-93F5-57D2CAC9F8FF}.Debug|Any CPU.Build.0 = Debug|Any CPU
		{FF2B1814-2E4C-48B8-93F5-57D2CAC9F8FF}.Release|Any CPU.ActiveCfg = Release|Any CPU
		{FF2B1814-2E4C-48B8-93F5-57D2CAC9F8FF}.Release|Any CPU.Build.0 = Release|Any CPU
		{9F1B0674-E2AB-40D2-94D6-A277C9496037}.Debug|Any CPU.ActiveCfg = Debug|Any CPU
		{9F1B0674-E2AB-40D2-94D6-A277C9496037}.Debug|Any CPU.Build.0 = Debug|Any CPU
		{9F1B0674-E2AB-40D2-94D6-A277C9496037}.Release|Any CPU.ActiveCfg = Release|Any CPU
		{9F1B0674-E2AB-40D2-94D6-A277C9496037}.Release|Any CPU.Build.0 = Release|Any CPU
	EndGlobalSection
	GlobalSection(SolutionProperties) = preSolution
		HideSolutionNode = FALSE
	EndGlobalSection
	GlobalSection(ExtensibilityGlobals) = postSolution
		SolutionGuid = {FA3C699E-58F6-41E3-B955-10DB3E417F34}
	EndGlobalSection
EndGlobal
